
Microsoft Visual Studio Solution File, Format Version 12.00
# Visual Studio Version 17
VisualStudioVersion = 17.13.35931.197 d17.13
MinimumVisualStudioVersion = 10.0.40219.1
Project("{FAE04EC0-301F-11D3-BF4B-00C04F79EFBC}") = "SignalRServer", "SignalRServer\SignalRServer.csproj", "{6E672CC1-06CA-4B40-A17F-2548B38EE617}"
EndProject
Project("{FAE04EC0-301F-11D3-BF4B-00C04F79EFBC}") = "SignalRClientBlazor", "SignalRClientBlazor\SignalRClientBlazor.csproj", "{041E902F-57C1-4750-BD5C-8377DBB33C7D}"
EndProject
Global
	GlobalSection(SolutionConfigurationPlatforms) = preSolution
		Debug|Any CPU = Debug|Any CPU
		Release|Any CPU = Release|Any CPU
	EndGlobalSection
	GlobalSection(ProjectConfigurationPlatforms) = postSolution
		{6E672CC1-06CA-4B40-A17F-2548B38EE617}.Debug|Any CPU.ActiveCfg = Debug|Any CPU
		{6E672CC1-06CA-4B40-A17F-2548B38EE617}.Debug|Any CPU.Build.0 = Debug|Any CPU
		{6E672CC1-06CA-4B40-A17F-2548B38EE617}.Release|Any CPU.ActiveCfg = Release|Any CPU
		{6E672CC1-06CA-4B40-A17F-2548B38EE617}.Release|Any CPU.Build.0 = Release|Any CPU
		{041E902F-57C1-4750-BD5C-8377DBB33C7D}.Debug|Any CPU.ActiveCfg = Debug|Any CPU
		{041E902F-57C1-4750-BD5C-8377DBB33C7D}.Debug|Any CPU.Build.0 = Debug|Any CPU
		{041E902F-57C1-4750-BD5C-8377DBB33C7D}.Release|Any CPU.ActiveCfg = Release|Any CPU
		{041E902F-57C1-4750-BD5C-8377DBB33C7D}.Release|Any CPU.Build.0 = Release|Any CPU
	EndGlobalSection
	GlobalSection(SolutionProperties) = preSolution
		HideSolutionNode = FALSE
	EndGlobalSection
	GlobalSection(ExtensibilityGlobals) = postSolution
		SolutionGuid = {56C9872E-B1D0-4FED-8734-C2F6F1EB9815}
	EndGlobalSection
EndGlobal
